// !$*UTF8*$!
{
	archiveVersion = 1;
	classes = {
	};
	objectVersion = 46;
	objects = {

/* Begin PBXBuildFile section */
		1C55B88D1E2140700099618F /* main.m in Sources */ = {isa = PBXBuildFile; fileRef = 1C55B88C1E2140700099618F /* main.m */; };
		1C55B8901E2140700099618F /* AppDelegate.m in Sources */ = {isa = PBXBuildFile; fileRef = 1C55B88F1E2140700099618F /* AppDelegate.m */; };
		1C55B8931E2140700099618F /* ViewController.m in Sources */ = {isa = PBXBuildFile; fileRef = 1C55B8921E2140700099618F /* ViewController.m */; };
		1C55B8961E2140700099618F /* Main.storyboard in Resources */ = {isa = PBXBuildFile; fileRef = 1C55B8941E2140700099618F /* Main.storyboard */; };
		1C55B8981E2140700099618F /* Assets.xcassets in Resources */ = {isa = PBXBuildFile; fileRef = 1C55B8971E2140700099618F /* Assets.xcassets */; };
		1C55B89B1E2140700099618F /* LaunchScreen.storyboard in Resources */ = {isa = PBXBuildFile; fileRef = 1C55B8991E2140700099618F /* LaunchScreen.storyboard */; };
		1C55B8A41E21409B0099618F /* XbImage.m in Sources */ = {isa = PBXBuildFile; fileRef = 1C55B8A31E21409B0099618F /* XbImage.m */; };
/* End PBXBuildFile section */

/* Begin PBXFileReference section */
		1C55B8881E2140700099618F /* XBAddImage.app */ = {isa = PBXFileReference; explicitFileType = wrapper.application; includeInIndex = 0; path = XBAddImage.app; sourceTree = BUILT_PRODUCTS_DIR; };
		1C55B88C1E2140700099618F /* main.m */ = {isa = PBXFileReference; lastKnownFileType = sourcecode.c.objc; path = main.m; sourceTree = "<group>"; };
		1C55B88E1E2140700099618F /* AppDelegate.h */ = {isa = PBXFileReference; lastKnownFileType = sourcecode.c.h; path = AppDelegate.h; sourceTree = "<group>"; };
		1C55B88F1E2140700099618F /* AppDelegate.m */ = {isa = PBXFileReference; lastKnownFileType = sourcecode.c.objc; path = AppDelegate.m; sourceTree = "<group>"; };
		1C55B8911E2140700099618F /* ViewController.h */ = {isa = PBXFileReference; lastKnownFileType = sourcecode.c.h; path = ViewController.h; sourceTree = "<group>"; };
		1C55B8921E2140700099618F /* ViewController.m */ = {isa = PBXFileReference; lastKnownFileType = sourcecode.c.objc; path = ViewController.m; sourceTree = "<group>"; };
		1C55B8951E2140700099618F /* Base */ = {isa = PBXFileReference; lastKnownFileType = file.storyboard; name = Base; path = Base.lproj/Main.storyboard; sourceTree = "<group>"; };
		1C55B8971E2140700099618F /* Assets.xcassets */ = {isa = PBXFileReference; lastKnownFileType = folder.assetcatalog; path = Assets.xcassets; sourceTree = "<group>"; };
		1C55B89A1E2140700099618F /* Base */ = {isa = PBXFileReference; lastKnownFileType = file.storyboard; name = Base; path = Base.lproj/LaunchScreen.storyboard; sourceTree = "<group>"; };
		1C55B89C1E2140700099618F /* Info.plist */ = {isa = PBXFileReference; lastKnownFileType = text.plist.xml; path = Info.plist; sourceTree = "<group>"; };
		1C55B8A21E21409B0099618F /* XbImage.h */ = {isa = PBXFileReference; fileEncoding = 4; lastKnownFileType = sourcecode.c.h; path = XbImage.h; sourceTree = "<group>"; };
		1C55B8A31E21409B0099618F /* XbImage.m */ = {isa = PBXFileReference; fileEncoding = 4; lastKnownFileType = sourcecode.c.objc; path = XbImage.m; sourceTree = "<group>"; };
/* End PBXFileReference section */

/* Begin PBXFrameworksBuildPhase section */
		1C55B8851E2140700099618F /* Frameworks */ = {
			isa = PBXFrameworksBuildPhase;
			buildActionMask = 2147483647;
			files = (
			);
			runOnlyForDeploymentPostprocessing = 0;
		};
/* End PBXFrameworksBuildPhase section */

/* Begin PBXGroup section */
		1C55B87F1E2140700099618F = {
			isa = PBXGroup;
			children = (
				1C55B88A1E2140700099618F /* XBAddImage */,
				1C55B8891E2140700099618F /* Products */,
			);
			sourceTree = "<group>";
		};
		1C55B8891E2140700099618F /* Products */ = {
			isa = PBXGroup;
			children = (
				1C55B8881E2140700099618F /* XBAddImage.app */,
			);
			name = Products;
			sourceTree = "<group>";
		};
		1C55B88A1E2140700099618F /* XBAddImage */ = {
			isa = PBXGroup;
			children = (
				1C55B88E1E2140700099618F /* AppDelegate.h */,
				1C55B88F1E2140700099618F /* AppDelegate.m */,
				1C55B8911E2140700099618F /* ViewController.h */,
				1C55B8921E2140700099618F /* ViewController.m */,
				1C55B8941E2140700099618F /* Main.storyboard */,
				1C55B8971E2140700099618F /* Assets.xcassets */,
				1C55B8991E2140700099618F /* LaunchScreen.storyboard */,
				1C55B89C1E2140700099618F /* Info.plist */,
				1C55B88B1E2140700099618F /* Supporting Files */,
				1C55B8A21E21409B0099618F /* XbImage.h */,
				1C55B8A31E21409B0099618F /* XbImage.m */,
			);
			path = XBAddImage;
			sourceTree = "<group>";
		};
		1C55B88B1E2140700099618F /* Supporting Files */ = {
			isa = PBXGroup;
			children = (
				1C55B88C1E2140700099618F /* main.m */,
			);
			name = "Supporting Files";
			sourceTree = "<group>";
		};
/* End PBXGroup section */

/* Begin PBXNativeTarget section */
		1C55B8871E2140700099618F /* XBAddImage */ = {
			isa = PBXNativeTarget;
			buildConfigurationList = 1C55B89F1E2140700099618F /* Build configuration list for PBXNativeTarget "XBAddImage" */;
			buildPhases = (
				1C55B8841E2140700099618F /* Sources */,
				1C55B8851E2140700099618F /* Frameworks */,
				1C55B8861E2140700099618F /* Resources */,
			);
			buildRules = (
			);
			dependencies = (
			);
			name = XBAddImage;
			productName = XBAddImage;
			productReference = 1C55B8881E2140700099618F /* XBAddImage.app */;
			productType = "com.apple.product-type.application";
		};
/* End PBXNativeTarget section */

/* Begin PBXProject section */
		1C55B8801E2140700099618F /* Project object */ = {
			isa = PBXProject;
			attributes = {
				LastUpgradeCheck = 0820;
				ORGANIZATIONNAME = xiebin;
				TargetAttributes = {
					1C55B8871E2140700099618F = {
						CreatedOnToolsVersion = 8.2.1;
						DevelopmentTeam = ANZ6NK43UM;
						ProvisioningStyle = Automatic;
					};
				};
			};
			buildConfigurationList = 1C55B8831E2140700099618F /* Build configuration list for PBXProject "XBAddImage" */;
			compatibilityVersion = "Xcode 3.2";
			developmentRegion = English;
			hasScannedForEncodings = 0;
			knownRegions = (
				en,
				Base,
			);
			mainGroup = 1C55B87F1E2140700099618F;
			productRefGroup = 1C55B8891E2140700099618F /* Products */;
			projectDirPath = "";
			projectRoot = "";
			targets = (
				1C55B8871E2140700099618F /* XBAddImage */,
			);
		};
/* End PBXProject section */

/* Begin PBXResourcesBuildPhase section */
		1C55B8861E2140700099618F /* Resources */ = {
			isa = PBXResourcesBuildPhase;
			buildActionMask = 2147483647;
			files = (
				1C55B89B1E2140700099618F /* LaunchScreen.storyboard in Resources */,
				1C55B8981E2140700099618F /* Assets.xcassets in Resources */,
				1C55B8961E2140700099618F /* Main.storyboard in Resources */,
			);
			runOnlyForDeploymentPostprocessing = 0;
		};
/* End PBXResourcesBuildPhase section */

/* Begin PBXSourcesBuildPhase section */
		1C55B8841E2140700099618F /* Sources */ = {
			isa = PBXSourcesBuildPhase;
			buildActionMask = 2147483647;
			files = (
				1C55B8931E2140700099618F /* ViewController.m in Sources */,
				1C55B8A41E21409B0099618F /* XbImage.m in Sources */,
				1C55B8901E2140700099618F /* AppDelegate.m in Sources */,
				1C55B88D1E2140700099618F /* main.m in Sources */,
			);
			runOnlyForDeploymentPostprocessing = 0;
		};
/* End PBXSourcesBuildPhase section */

/* Begin PBXVariantGroup section */
		1C55B8941E2140700099618F /* Main.storyboard */ = {
			isa = PBXVariantGroup;
			children = (
				1C55B8951E2140700099618F /* Base */,
			);
			name = Main.storyboard;
			sourceTree = "<group>";
		};
		1C55B8991E2140700099618F /* LaunchScreen.storyboard */ = {
			isa = PBXVariantGroup;
			children = (
				1C55B89A1E2140700099618F /* Base */,
			);
			name = LaunchScreen.storyboard;
			sourceTree = "<group>";
		};
/* End PBXVariantGroup section */

/* Begin XCBuildConfiguration section */
		1C55B89D1E2140700099618F /* Debug */ = {
			isa = XCBuildConfiguration;
			buildSettings = {
				ALWAYS_SEARCH_USER_PATHS = NO;
				CLANG_ANALYZER_NONNULL = YES;
				CLANG_CXX_LANGUAGE_STANDARD = "gnu++0x";
				CLANG_CXX_LIBRARY = "libc++";
				CLANG_ENABLE_MODULES = YES;
				CLANG_ENABLE_OBJC_ARC = YES;
				CLANG_WARN_BOOL_CONVERSION = YES;
				CLANG_WARN_CONSTANT_CONVERSION = YES;
				CLANG_WARN_DIRECT_OBJC_ISA_USAGE = YES_ERROR;
				CLANG_WARN_DOCUMENTATION_COMMENTS = YES;
				CLANG_WARN_EMPTY_BODY = YES;
				CLANG_WARN_ENUM_CONVERSION = YES;
				CLANG_WARN_INFINITE_RECURSION = YES;
				CLANG_WARN_INT_CONVERSION = YES;
				CLANG_WARN_OBJC_ROOT_CLASS = YES_ERROR;
				CLANG_WARN_SUSPICIOUS_MOVE = YES;
				CLANG_WARN_UNREACHABLE_CODE = YES;
				CLANG_WARN__DUPLICATE_METHOD_MATCH = YES;
				"CODE_SIGN_IDENTITY[sdk=iphoneos*]" = "iPhone Developer";
				COPY_PHASE_STRIP = NO;
				DEBUG_INFORMATION_FORMAT = dwarf;
				ENABLE_STRICT_OBJC_MSGSEND = YES;
				ENABLE_TESTABILITY = YES;
				GCC_C_LANGUAGE_STANDARD = gnu99;
				GCC_DYNAMIC_NO_PIC = NO;
				GCC_NO_COMMON_BLOCKS = YES;
				GCC_OPTIMIZATION_LEVEL = 0;
				GCC_PREPROCESSOR_DEFINITIONS = (
					"DEBUG=1",
					"$(inherited)",
				);
				GCC_WARN_64_TO_32_BIT_CONVERSION = YES;
				GCC_WARN_ABOUT_RETURN_TYPE = YES_ERROR;
				GCC_WARN_UNDECLARED_SELECTOR = YES;
				GCC_WARN_UNINITIALIZED_AUTOS = YES_AGGRESSIVE;
				GCC_WARN_UNUSED_FUNCTION = YES;
				GCC_WARN_UNUSED_VARIABLE = YES;
				IPHONEOS_DEPLOYMENT_TARGET = 10.2;
				MTL_ENABLE_DEBUG_INFO = YES;
				ONLY_ACTIVE_ARCH = YES;
				SDKROOT = iphoneos;
				TARGETED_DEVICE_FAMILY = "1,2";
			};
			name = Debug;
		};
		1C55B89E1E2140700099618F /* Release */ = {
			isa = XCBuildConfiguration;
			buildSettings = {
				ALWAYS_SEARCH_USER_PATHS = NO;
				CLANG_ANALYZER_NONNULL = YES;
				CLANG_CXX_LANGUAGE_STANDARD = "gnu++0x";
				CLANG_CXX_LIBRARY = "libc++";
				CLANG_ENABLE_MODULES = YES;
				CLANG_ENABLE_OBJC_ARC = YES;
				CLANG_WARN_BOOL_CONVERSION = YES;
				CLANG_WARN_CONSTANT_CONVERSION = YES;
				CLANG_WARN_DIRECT_OBJC_ISA_USAGE = YES_ERROR;
				CLANG_WARN_DOCUMENTATION_COMMENTS = YES;
				CLANG_WARN_EMPTY_BODY = YES;
				CLANG_WARN_ENUM_CONVERSION = YES;
				CLANG_WARN_INFINITE_RECURSION = YES;
				CLANG_WARN_INT_CONVERSION = YES;
				CLANG_WARN_OBJC_ROOT_CLASS = YES_ERROR;
				CLANG_WARN_SUSPICIOUS_MOVE = YES;
				CLANG_WARN_UNREACHABLE_CODE = YES;
				CLANG_WARN__DUPLICATE_METHOD_MATCH = YES;
				"CODE_SIGN_IDENTITY[sdk=iphoneos*]" = "iPhone Developer";
				COPY_PHASE_STRIP = NO;
				DEBUG_INFORMATION_FORMAT = "dwarf-with-dsym";
				ENABLE_NS_ASSERTIONS = NO;
				ENABLE_STRICT_OBJC_MSGSEND = YES;
				GCC_C_LANGUAGE_STANDARD = gnu99;
				GCC_NO_COMMON_BLOCKS = YES;
				GCC_WARN_64_TO_32_BIT_CONVERSION = YES;
				GCC_WARN_ABOUT_RETURN_TYPE = YES_ERROR;
				GCC_WARN_UNDECLARED_SELECTOR = YES;
				GCC_WARN_UNINITIALIZED_AUTOS = YES_AGGRESSIVE;
				GCC_WARN_UNUSED_FUNCTION = YES;
				GCC_WARN_UNUSED_VARIABLE = YES;
				IPHONEOS_DEPLOYMENT_TARGET = 10.2;
				MTL_ENABLE_DEBUG_INFO = NO;
				SDKROOT = iphoneos;
				TARGETED_DEVICE_FAMILY = "1,2";
				VALIDATE_PRODUCT = YES;
			};
			name = Release;
		};
		1C55B8A01E2140700099618F /* Debug */ = {
			isa = XCBuildConfiguration;
			buildSettings = {
				ASSETCATALOG_COMPILER_APPICON_NAME = AppIcon;
				DEVELOPMENT_TEAM = ANZ6NK43UM;
				INFOPLIST_FILE = XBAddImage/Info.plist;
				LD_RUNPATH_SEARCH_PATHS = "$(inherited) @executable_path/Frameworks";
				PRODUCT_BUNDLE_IDENTIFIER = com.XieBin.XBAddImage;
				PRODUCT_NAME = "$(TARGET_NAME)";
			};
			name = Debug;
		};
		1C55B8A11E2140700099618F /* Release */ = {
			isa = XCBuildConfiguration;
			buildSettings = {
				ASSETCATALOG_COMPILER_APPICON_NAME = AppIcon;
				DEVELOPMENT_TEAM = ANZ6NK43UM;
				INFOPLIST_FILE = XBAddImage/Info.plist;
				LD_RUNPATH_SEARCH_PATHS = "$(inherited) @executable_path/Frameworks";
				PRODUCT_BUNDLE_IDENTIFIER = com.XieBin.XBAddImage;
				PRODUCT_NAME = "$(TARGET_NAME)";
			};
			name = Release;
		};
/* End XCBuildConfiguration section */

/* Begin XCConfigurationList section */
		1C55B8831E2140700099618F /* Build configuration list for PBXProject "XBAddImage" */ = {
			isa = XCConfigurationList;
			buildConfigurations = (
				1C55B89D1E2140700099618F /* Debug */,
				1C55B89E1E2140700099618F /* Release */,
			);
			defaultConfigurationIsVisible = 0;
			defaultConfigurationName = Release;
		};
		1C55B89F1E2140700099618F /* Build configuration list for PBXNativeTarget "XBAddImage" */ = {
			isa = XCConfigurationList;
			buildConfigurations = (
				1C55B8A01E2140700099618F /* Debug */,
				1C55B8A11E2140700099618F /* Release */,
			);
			defaultConfigurationIsVisible = 0;
		};
/* End XCConfigurationList section */
	};
	rootObject = 1C55B8801E2140700099618F /* Project object */;
}
